
Microsoft Visual Studio Solution File, Format Version 12.00
# Visual Studio Version 17
VisualStudioVersion = 17.5.33627.172
MinimumVisualStudioVersion = 10.0.40219.1
Project("{FAE04EC0-301F-11D3-BF4B-00C04F79EFBC}") = "CustomRadioStations", "Client\CustomRadioStations.csproj", "{46595C1E-F1EF-4F8B-9CD1-401F6BBE5C5D}"
EndProject
Project("{2150E333-8FDC-42A3-9474-1A3956D46DE8}") = "Solution Items", "Solution Items", "{BEB4E7A1-DE86-4A60-B04D-475F676A0C78}"
	ProjectSection(SolutionItems) = preProject
		fxmanifest.lua = fxmanifest.lua
		LICENSE = LICENSE
		README.md = README.md
	EndProjectSection
EndProject
Global
	GlobalSection(SolutionConfigurationPlatforms) = preSolution
		Debug|Any CPU = Debug|Any CPU
		Release|Any CPU = Release|Any CPU
	EndGlobalSection
	GlobalSection(ProjectConfigurationPlatforms) = postSolution
		{46595C1E-F1EF-4F8B-9CD1-401F6BBE5C5D}.Debug|Any CPU.ActiveCfg = Debug|Any CPU
		{46595C1E-F1EF-4F8B-9CD1-401F6BBE5C5D}.Debug|Any CPU.Build.0 = Debug|Any CPU
		{46595C1E-F1EF-4F8B-9CD1-401F6BBE5C5D}.Release|Any CPU.ActiveCfg = Release|Any CPU
		{46595C1E-F1EF-4F8B-9CD1-401F6BBE5C5D}.Release|Any CPU.Build.0 = Release|Any CPU
	EndGlobalSection
	GlobalSection(SolutionProperties) = preSolution
		HideSolutionNode = FALSE
	EndGlobalSection
	GlobalSection(ExtensibilityGlobals) = postSolution
		SolutionGuid = {9C398CEB-CE9E-45C1-9033-7024B831DE0D}
	EndGlobalSection
EndGlobal
